
Microsoft Visual Studio Solution File, Format Version 12.00
# Visual Studio Version 16
VisualStudioVersion = 16.0.29215.179
MinimumVisualStudioVersion = 10.0.40219.1
Project("{FAE04EC0-301F-11D3-BF4B-00C04F79EFBC}") = "ReplaceNameFB2", "ReplaceNameFB2.csproj", "{11E9B7EC-D5D9-40AA-B15B-0592A2A38D75}"
EndProject
Global
	GlobalSection(SolutionConfigurationPlatforms) = preSolution
		Debug|Any CPU = Debug|Any CPU
		Release|Any CPU = Release|Any CPU
	EndGlobalSection
	GlobalSection(ProjectConfigurationPlatforms) = postSolution
		{11E9B7EC-D5D9-40AA-B15B-0592A2A38D75}.Debug|Any CPU.ActiveCfg = Debug|Any CPU
		{11E9B7EC-D5D9-40AA-B15B-0592A2A38D75}.Debug|Any CPU.Build.0 = Debug|Any CPU
		{11E9B7EC-D5D9-40AA-B15B-0592A2A38D75}.Release|Any CPU.ActiveCfg = Release|Any CPU
		{11E9B7EC-D5D9-40AA-B15B-0592A2A38D75}.Release|Any CPU.Build.0 = Release|Any CPU
	EndGlobalSection
	GlobalSection(SolutionProperties) = preSolution
		HideSolutionNode = FALSE
	EndGlobalSection
	GlobalSection(ExtensibilityGlobals) = postSolution
		SolutionGuid = {996E5DEE-F3D2-4441-A381-9ADD0C9D7920}
	EndGlobalSection
EndGlobal
